
Microsoft Visual Studio Solution File, Format Version 12.00
# Visual Studio Version 17
VisualStudioVersion = 17.13.35913.81 d17.13
MinimumVisualStudioVersion = 10.0.40219.1
Project("{FAE04EC0-301F-11D3-BF4B-00C04F79EFBC}") = "ProductService", "ProductService\ProductService.csproj", "{E9DFE009-D493-49AC-B151-1472BBB04173}"
EndProject
Project("{FAE04EC0-301F-11D3-BF4B-00C04F79EFBC}") = "CustomerService", "CustomerService\CustomerService.csproj", "{BB45B41F-028C-437A-AC00-31488C3FAA9B}"
EndProject
Project("{FAE04EC0-301F-11D3-BF4B-00C04F79EFBC}") = "OrderService", "OrderService\OrderService.csproj", "{0127901E-4E2C-427B-8A8B-3C4C6964B389}"
EndProject
Project("{FAE04EC0-301F-11D3-BF4B-00C04F79EFBC}") = "PaymentService", "PaymentService\PaymentService.csproj", "{E0F42FC2-C760-43EB-A33C-FD85E8807A62}"
EndProject
Project("{FAE04EC0-301F-11D3-BF4B-00C04F79EFBC}") = "NginxManager", "NginxManager\NginxManager.csproj", "{6BA28937-EAFF-44F7-8406-178BB7C9415F}"
EndProject
Global
	GlobalSection(SolutionConfigurationPlatforms) = preSolution
		Debug|Any CPU = Debug|Any CPU
		Release|Any CPU = Release|Any CPU
	EndGlobalSection
	GlobalSection(ProjectConfigurationPlatforms) = postSolution
		{E9DFE009-D493-49AC-B151-1472BBB04173}.Debug|Any CPU.ActiveCfg = Debug|Any CPU
		{E9DFE009-D493-49AC-B151-1472BBB04173}.Debug|Any CPU.Build.0 = Debug|Any CPU
		{E9DFE009-D493-49AC-B151-1472BBB04173}.Release|Any CPU.ActiveCfg = Release|Any CPU
		{E9DFE009-D493-49AC-B151-1472BBB04173}.Release|Any CPU.Build.0 = Release|Any CPU
		{BB45B41F-028C-437A-AC00-31488C3FAA9B}.Debug|Any CPU.ActiveCfg = Debug|Any CPU
		{BB45B41F-028C-437A-AC00-31488C3FAA9B}.Debug|Any CPU.Build.0 = Debug|Any CPU
		{BB45B41F-028C-437A-AC00-31488C3FAA9B}.Release|Any CPU.ActiveCfg = Release|Any CPU
		{BB45B41F-028C-437A-AC00-31488C3FAA9B}.Release|Any CPU.Build.0 = Release|Any CPU
		{0127901E-4E2C-427B-8A8B-3C4C6964B389}.Debug|Any CPU.ActiveCfg = Debug|Any CPU
		{0127901E-4E2C-427B-8A8B-3C4C6964B389}.Debug|Any CPU.Build.0 = Debug|Any CPU
		{0127901E-4E2C-427B-8A8B-3C4C6964B389}.Release|Any CPU.ActiveCfg = Release|Any CPU
		{0127901E-4E2C-427B-8A8B-3C4C6964B389}.Release|Any CPU.Build.0 = Release|Any CPU
		{E0F42FC2-C760-43EB-A33C-FD85E8807A62}.Debug|Any CPU.ActiveCfg = Debug|Any CPU
		{E0F42FC2-C760-43EB-A33C-FD85E8807A62}.Debug|Any CPU.Build.0 = Debug|Any CPU
		{E0F42FC2-C760-43EB-A33C-FD85E8807A62}.Release|Any CPU.ActiveCfg = Release|Any CPU
		{E0F42FC2-C760-43EB-A33C-FD85E8807A62}.Release|Any CPU.Build.0 = Release|Any CPU
		{6BA28937-EAFF-44F7-8406-178BB7C9415F}.Debug|Any CPU.ActiveCfg = Debug|Any CPU
		{6BA28937-EAFF-44F7-8406-178BB7C9415F}.Debug|Any CPU.Build.0 = Debug|Any CPU
		{6BA28937-EAFF-44F7-8406-178BB7C9415F}.Release|Any CPU.ActiveCfg = Release|Any CPU
		{6BA28937-EAFF-44F7-8406-178BB7C9415F}.Release|Any CPU.Build.0 = Release|Any CPU
	EndGlobalSection
	GlobalSection(SolutionProperties) = preSolution
		HideSolutionNode = FALSE
	EndGlobalSection
	GlobalSection(ExtensibilityGlobals) = postSolution
		SolutionGuid = {10112459-2D01-41F4-A87B-2CB33B46FE3D}
	EndGlobalSection
EndGlobal
