
Microsoft Visual Studio Solution File, Format Version 12.00
# Visual Studio Version 17
VisualStudioVersion = 17.13.35913.81
MinimumVisualStudioVersion = 10.0.40219.1
Project("{FAE04EC0-301F-11D3-BF4B-00C04F79EFBC}") = "API_Gateway", "API_Gateway\API_Gateway.csproj", "{1815C1EA-27A4-42C0-B829-7B9635270C15}"
EndProject
Project("{2150E333-8FDC-42A3-9474-1A3956D46DE8}") = "Resources", "Resources", "{02EA681E-C7D8-13C7-8484-4AC65E1B71E8}"
EndProject
Project("{FAE04EC0-301F-11D3-BF4B-00C04F79EFBC}") = "API1", "API1\API1.csproj", "{5DF6A707-D84D-400B-A41A-1EA895D8CC00}"
EndProject
Project("{FAE04EC0-301F-11D3-BF4B-00C04F79EFBC}") = "API2", "API2\API2.csproj", "{19828DC4-1272-43DB-B67F-2C7881B3D32B}"
EndProject
Project("{FAE04EC0-301F-11D3-BF4B-00C04F79EFBC}") = "API3", "API3\API3.csproj", "{CAB3731C-A721-4B98-A348-67A20B480B62}"
EndProject
Global
	GlobalSection(SolutionConfigurationPlatforms) = preSolution
		Debug|Any CPU = Debug|Any CPU
		Release|Any CPU = Release|Any CPU
	EndGlobalSection
	GlobalSection(ProjectConfigurationPlatforms) = postSolution
		{1815C1EA-27A4-42C0-B829-7B9635270C15}.Debug|Any CPU.ActiveCfg = Debug|Any CPU
		{1815C1EA-27A4-42C0-B829-7B9635270C15}.Debug|Any CPU.Build.0 = Debug|Any CPU
		{1815C1EA-27A4-42C0-B829-7B9635270C15}.Release|Any CPU.ActiveCfg = Release|Any CPU
		{1815C1EA-27A4-42C0-B829-7B9635270C15}.Release|Any CPU.Build.0 = Release|Any CPU
		{5DF6A707-D84D-400B-A41A-1EA895D8CC00}.Debug|Any CPU.ActiveCfg = Debug|Any CPU
		{5DF6A707-D84D-400B-A41A-1EA895D8CC00}.Debug|Any CPU.Build.0 = Debug|Any CPU
		{5DF6A707-D84D-400B-A41A-1EA895D8CC00}.Release|Any CPU.ActiveCfg = Release|Any CPU
		{5DF6A707-D84D-400B-A41A-1EA895D8CC00}.Release|Any CPU.Build.0 = Release|Any CPU
		{19828DC4-1272-43DB-B67F-2C7881B3D32B}.Debug|Any CPU.ActiveCfg = Debug|Any CPU
		{19828DC4-1272-43DB-B67F-2C7881B3D32B}.Debug|Any CPU.Build.0 = Debug|Any CPU
		{19828DC4-1272-43DB-B67F-2C7881B3D32B}.Release|Any CPU.ActiveCfg = Release|Any CPU
		{19828DC4-1272-43DB-B67F-2C7881B3D32B}.Release|Any CPU.Build.0 = Release|Any CPU
		{CAB3731C-A721-4B98-A348-67A20B480B62}.Debug|Any CPU.ActiveCfg = Debug|Any CPU
		{CAB3731C-A721-4B98-A348-67A20B480B62}.Debug|Any CPU.Build.0 = Debug|Any CPU
		{CAB3731C-A721-4B98-A348-67A20B480B62}.Release|Any CPU.ActiveCfg = Release|Any CPU
		{CAB3731C-A721-4B98-A348-67A20B480B62}.Release|Any CPU.Build.0 = Release|Any CPU
	EndGlobalSection
	GlobalSection(SolutionProperties) = preSolution
		HideSolutionNode = FALSE
	EndGlobalSection
	GlobalSection(NestedProjects) = preSolution
		{5DF6A707-D84D-400B-A41A-1EA895D8CC00} = {02EA681E-C7D8-13C7-8484-4AC65E1B71E8}
		{19828DC4-1272-43DB-B67F-2C7881B3D32B} = {02EA681E-C7D8-13C7-8484-4AC65E1B71E8}
		{CAB3731C-A721-4B98-A348-67A20B480B62} = {02EA681E-C7D8-13C7-8484-4AC65E1B71E8}
	EndGlobalSection
	GlobalSection(ExtensibilityGlobals) = postSolution
		SolutionGuid = {4557A047-F544-4781-BE5A-36EC5A686AB6}
	EndGlobalSection
EndGlobal
